Microsoft Visual Studio Solution File, Format Version 12.00
# Visual Studio Version 17
VisualStudioVersion = 17.5.2.0
MinimumVisualStudioVersion = 10.0.40219.1
Project("{FAE04EC0-301F-11D3-BF4B-00C04F79EFBC}") = "121BestTimeToBuyAndSellStock", "121BestTimeToBuyAndSellStock.csproj", "{52B57EB5-B23C-2EB8-E77F-BEF0C9848F9C}"
EndProject
Global
	GlobalSection(SolutionConfigurationPlatforms) = preSolution
		Debug|Any CPU = Debug|Any CPU
		Release|Any CPU = Release|Any CPU
	EndGlobalSection
	GlobalSection(ProjectConfigurationPlatforms) = postSolution
		{52B57EB5-B23C-2EB8-E77F-BEF0C9848F9C}.Debug|Any CPU.ActiveCfg = Debug|Any CPU
		{52B57EB5-B23C-2EB8-E77F-BEF0C9848F9C}.Debug|Any CPU.Build.0 = Debug|Any CPU
		{52B57EB5-B23C-2EB8-E77F-BEF0C9848F9C}.Release|Any CPU.ActiveCfg = Release|Any CPU
		{52B57EB5-B23C-2EB8-E77F-BEF0C9848F9C}.Release|Any CPU.Build.0 = Release|Any CPU
	EndGlobalSection
	GlobalSection(SolutionProperties) = preSolution
		HideSolutionNode = FALSE
	EndGlobalSection
	GlobalSection(ExtensibilityGlobals) = postSolution
		SolutionGuid = {EB80B1B2-0E69-42BC-A522-25FDA5A21D68}
	EndGlobalSection
EndGlobal
